PATH
  remote: .
  specs:
    rspec2-rails-views-matchers (0.0.4)
      nokogiri (~> 1.4.4)
      rspec (>= 2.0.0)

GEM
  remote: http://rubygems.org/
  specs:
    diff-lcs (1.1.2)
    nokogiri (1.4.4)
    rspec (2.5.0)
      rspec-core (~> 2.5.0)
      rspec-expectations (~> 2.5.0)
      rspec-mocks (~> 2.5.0)
    rspec-core (2.5.1)
    rspec-expectations (2.5.0)
      diff-lcs (~> 1.1.2)
    rspec-mocks (2.5.0)
    simplecov (0.4.1)
      simplecov-html (~> 0.4.3)
    simplecov-html (0.4.3)

PLATFORMS
  ruby

DEPENDENCIES
  rspec2-rails-views-matchers!
  simplecov
